
Microsoft Visual Studio Solution File, Format Version 12.00
# Visual Studio Version 17
VisualStudioVersion = 17.1.32228.430
MinimumVisualStudioVersion = 10.0.40219.1
Project("{9A19103F-16F7-4668-BE54-9A1E7A4F7556}") = "PruebaTec.AccesoADatos", "PruebaTec.AccesoADatos\PruebaTec.AccesoADatos.csproj", "{198C6AF7-5AD4-432C-8DA1-DB3F70D619B5}"
EndProject
Project("{9A19103F-16F7-4668-BE54-9A1E7A4F7556}") = "PruebaTec.LogicaDeNegocio", "PruebaTec.LogicaDeNegocio\PruebaTec.LogicaDeNegocio.csproj", "{02203973-5DF7-4547-BDBD-F7443D9433D9}"
EndProject
Project("{9A19103F-16F7-4668-BE54-9A1E7A4F7556}") = "PruebaTec.EntidadesDeNegocio", "PruebaTec.EntidadesDeNegocio\PruebaTec.EntidadesDeNegocio.csproj", "{CBFD90BC-3B66-48AB-B9E0-307CC2CBD5F7}"
EndProject
Project("{FAE04EC0-301F-11D3-BF4B-00C04F79EFBC}") = "PruebaTec.InterfazGraficaMVC", "PruebaTec.InterfazGraficaMVC\PruebaTec.InterfazGraficaMVC.csproj", "{30F0039F-0F6C-41B9-B3C1-2CF065A64F27}"
EndProject
Project("{FAE04EC0-301F-11D3-BF4B-00C04F79EFBC}") = "PruebaTec.InterfazGrafica", "PruebaTec.InterfazGrafica\PruebaTec.InterfazGrafica.csproj", "{16A9D5B0-0114-4C1C-B801-BB272F8B0175}"
EndProject
Global
	GlobalSection(SolutionConfigurationPlatforms) = preSolution
		Debug|Any CPU = Debug|Any CPU
		Release|Any CPU = Release|Any CPU
	EndGlobalSection
	GlobalSection(ProjectConfigurationPlatforms) = postSolution
		{198C6AF7-5AD4-432C-8DA1-DB3F70D619B5}.Debug|Any CPU.ActiveCfg = Debug|Any CPU
		{198C6AF7-5AD4-432C-8DA1-DB3F70D619B5}.Debug|Any CPU.Build.0 = Debug|Any CPU
		{198C6AF7-5AD4-432C-8DA1-DB3F70D619B5}.Release|Any CPU.ActiveCfg = Release|Any CPU
		{198C6AF7-5AD4-432C-8DA1-DB3F70D619B5}.Release|Any CPU.Build.0 = Release|Any CPU
		{02203973-5DF7-4547-BDBD-F7443D9433D9}.Debug|Any CPU.ActiveCfg = Debug|Any CPU
		{02203973-5DF7-4547-BDBD-F7443D9433D9}.Debug|Any CPU.Build.0 = Debug|Any CPU
		{02203973-5DF7-4547-BDBD-F7443D9433D9}.Release|Any CPU.ActiveCfg = Release|Any CPU
		{02203973-5DF7-4547-BDBD-F7443D9433D9}.Release|Any CPU.Build.0 = Release|Any CPU
		{CBFD90BC-3B66-48AB-B9E0-307CC2CBD5F7}.Debug|Any CPU.ActiveCfg = Debug|Any CPU
		{CBFD90BC-3B66-48AB-B9E0-307CC2CBD5F7}.Debug|Any CPU.Build.0 = Debug|Any CPU
		{CBFD90BC-3B66-48AB-B9E0-307CC2CBD5F7}.Release|Any CPU.ActiveCfg = Release|Any CPU
		{CBFD90BC-3B66-48AB-B9E0-307CC2CBD5F7}.Release|Any CPU.Build.0 = Release|Any CPU
		{30F0039F-0F6C-41B9-B3C1-2CF065A64F27}.Debug|Any CPU.ActiveCfg = Debug|Any CPU
		{30F0039F-0F6C-41B9-B3C1-2CF065A64F27}.Debug|Any CPU.Build.0 = Debug|Any CPU
		{30F0039F-0F6C-41B9-B3C1-2CF065A64F27}.Release|Any CPU.ActiveCfg = Release|Any CPU
		{30F0039F-0F6C-41B9-B3C1-2CF065A64F27}.Release|Any CPU.Build.0 = Release|Any CPU
		{16A9D5B0-0114-4C1C-B801-BB272F8B0175}.Debug|Any CPU.ActiveCfg = Debug|Any CPU
		{16A9D5B0-0114-4C1C-B801-BB272F8B0175}.Debug|Any CPU.Build.0 = Debug|Any CPU
		{16A9D5B0-0114-4C1C-B801-BB272F8B0175}.Release|Any CPU.ActiveCfg = Release|Any CPU
		{16A9D5B0-0114-4C1C-B801-BB272F8B0175}.Release|Any CPU.Build.0 = Release|Any CPU
	EndGlobalSection
	GlobalSection(SolutionProperties) = preSolution
		HideSolutionNode = FALSE
	EndGlobalSection
	GlobalSection(ExtensibilityGlobals) = postSolution
		SolutionGuid = {625E2816-EC04-40A2-9053-B76384811679}
	EndGlobalSection
EndGlobal
